
Microsoft Visual Studio Solution File, Format Version 12.00
# Visual Studio Version 16
VisualStudioVersion = 16.0.30011.22
MinimumVisualStudioVersion = 10.0.40219.1
Project("{FAE04EC0-301F-11D3-BF4B-00C04F79EFBC}") = "ITMO.124.4.Semiletova.Task1", "Lab1.Semiletova\ITMO.124.4.Semiletova.Task1\ITMO.124.4.Semiletova.Task1.csproj", "{E472C8A8-96A7-438E-8407-9B90C750F841}"
EndProject
Project("{FAE04EC0-301F-11D3-BF4B-00C04F79EFBC}") = "TestFormTask2", "Lab1.Semiletova\ITMO.124.4.Semiletova.Task2\TestFormTask2\TestFormTask2.csproj", "{9F264F3A-430E-46E4-A8B7-0CBBBFCBDDD4}"
EndProject
Project("{FAE04EC0-301F-11D3-BF4B-00C04F79EFBC}") = "TestFormTask3", "Lab1.Semiletova\ITMO.124.4.Semiletova.Task3\TestFormTask3\TestFormTask3\TestFormTask3.csproj", "{41481243-1236-45DA-9D85-27A919DDC937}"
EndProject
Project("{FAE04EC0-301F-11D3-BF4B-00C04F79EFBC}") = "MDIapplication", "Lab1.Semiletova\ITMO.124.4.Semiletova.Task4\MDIapplication\MDIapplication\MDIapplication.csproj", "{6EDF2A12-0939-4B93-BFBA-9F2F0EC3CB27}"
EndProject
Project("{FAE04EC0-301F-11D3-BF4B-00C04F79EFBC}") = "OvalForm", "Lab1.Semiletova\ITMO.124.4.Semiletova.Task5\OvalForm\OvalForm\OvalForm.csproj", "{6DC16F19-7EA9-47C4-B832-48346BAB0028}"
EndProject
Project("{FAE04EC0-301F-11D3-BF4B-00C04F79EFBC}") = "WinQuestion", "Lab2.Semiletova\Task1\WinQuestion\WinQuestion\WinQuestion.csproj", "{FAC5AE00-C216-46E9-8CDF-0B74C009A27F}"
EndProject
Project("{FAE04EC0-301F-11D3-BF4B-00C04F79EFBC}") = "TestLists", "Lab2.Semiletova\Task2\TestLists\TestLists\TestLists.csproj", "{1DF40046-FF97-41D0-8561-F6A78AF5B400}"
EndProject
Project("{FAE04EC0-301F-11D3-BF4B-00C04F79EFBC}") = "MDIapplication2", "Lab2.Semiletova\Task3\MDIapplication\MDIapplication\MDIapplication2.csproj", "{9D11675B-2CEB-480B-AD60-B5F7BCF28C55}"
EndProject
Project("{FAE04EC0-301F-11D3-BF4B-00C04F79EFBC}") = "MDIapplication3", "Lab2.Semiletova\Task4\MDIapplication\MDIapplication\MDIapplication3.csproj", "{6D32283E-E04C-4008-A98B-4048A705A6E9}"
EndProject
Project("{FAE04EC0-301F-11D3-BF4B-00C04F79EFBC}") = "WinContainer", "Lab2.Semiletova\Task5\WinContainer\WinContainer\WinContainer.csproj", "{9F8233D8-F9F6-4821-AA04-3208AA32FF1B}"
EndProject
Project("{FAE04EC0-301F-11D3-BF4B-00C04F79EFBC}") = "BiblWorm", "Lab2.Semiletova\Task6\BiblWorm\BiblWorm\BiblWorm.csproj", "{60ED4FC5-BD6D-4876-B763-9214845E08D2}"
EndProject
Project("{FAE04EC0-301F-11D3-BF4B-00C04F79EFBC}") = "RegistrationForm2", "Lab2.Semiletova\Task7\RegistrationForm\RegistrationForm\RegistrationForm2.csproj", "{BEFAAC03-61CA-4788-957F-79DDCEEFE035}"
EndProject
Project("{FAE04EC0-301F-11D3-BF4B-00C04F79EFBC}") = "RegistrationForm3", "Lab2.Semiletova\Task8\KeyPress\RegistrationForm\RegistrationForm3.csproj", "{C8BD0EB2-C93C-40FD-83FF-5120AA55730D}"
EndProject
Project("{FAE04EC0-301F-11D3-BF4B-00C04F79EFBC}") = "WinTimer", "Lab3.Semiletova\Task1\WinTimer\WinTimer\WinTimer.csproj", "{BE6D544F-32C4-48AC-8991-CC1298B6F52A}"
EndProject
Project("{FAE04EC0-301F-11D3-BF4B-00C04F79EFBC}") = "WinTimer2", "Lab3.Semiletova\Task2\WinTimer2\WinTimer2\WinTimer2.csproj", "{F6BFA881-8F78-47BC-896A-3FB930EB8B60}"
EndProject
Project("{FAE04EC0-301F-11D3-BF4B-00C04F79EFBC}") = "WinButNum", "Lab3.Semiletova\Task3\WinButNum\WinButNum\WinButNum.csproj", "{5F7052EB-DAD9-489E-B072-54D4148F9624}"
EndProject
Project("{FAE04EC0-301F-11D3-BF4B-00C04F79EFBC}") = "TestFontDialog", "Lab4.Semiletova\Task1\TestStandartDialog\TestStandartDialog\TestFontDialog.csproj", "{FF28B402-CA20-4F1E-ABA0-F36DB329C2B8}"
EndProject
Project("{FAE04EC0-301F-11D3-BF4B-00C04F79EFBC}") = "EditPerson", "Lab4.Semiletova\Task2\EditPerson\EditPerson.csproj", "{511F5E65-E494-45A6-BCDC-B7870E8C90DA}"
EndProject
Project("{FAE04EC0-301F-11D3-BF4B-00C04F79EFBC}") = "Owner", "Lab4.Semiletova\Task4\Owner\Owner.csproj", "{F0C09C9F-EC33-4620-813D-35A69BED1A0E}"
EndProject
Project("{FAE04EC0-301F-11D3-BF4B-00C04F79EFBC}") = "GetDataFromExcel", "Lab5.Semiletova\Task1\GetDataFromExcel\GetDataFromExcel.csproj", "{1F9CB926-7AD4-4801-98DB-9197AD79CFBB}"
EndProject
Project("{FAE04EC0-301F-11D3-BF4B-00C04F79EFBC}") = "PDF Reader", "Lab5.Semiletova\Task2\PDF Reader\PDF Reader.csproj", "{1F714B0E-CD59-41BA-B375-1AAF8094FE17}"
EndProject
Project("{FAE04EC0-301F-11D3-BF4B-00C04F79EFBC}") = "WinAnim", "Lab5.Semiletova\Task3\WinAnim\WinAnim.csproj", "{18F2F6F6-3AA3-4127-B1D3-4C037CF72782}"
EndProject
Project("{FAE04EC0-301F-11D3-BF4B-00C04F79EFBC}") = "WinGrafSinLine", "Lab6.Semiletova\Task1\WinGrafSinLine\WinGrafSinLine.csproj", "{E3E04D03-BF79-4C44-AE67-A9C3EC662ADC}"
EndProject
Project("{FAE04EC0-301F-11D3-BF4B-00C04F79EFBC}") = "Balls", "Lab6.Semiletova\Task2\Balls\Balls.csproj", "{F06AF4AD-D035-4105-A71F-3C1C4D26155A}"
EndProject
Project("{FAE04EC0-301F-11D3-BF4B-00C04F79EFBC}") = "WindowsFormsChart", "Lab6.Semiletova\Task3\WindowsFormsChart\WindowsFormsChart.csproj", "{8B60D988-4BA7-43F6-8A0C-80EB7218FE51}"
EndProject
Project("{FAE04EC0-301F-11D3-BF4B-00C04F79EFBC}") = "WinWorker", "Lab7.Semiletova\Task1\WinWorker\WinWorker.csproj", "{8D59C975-548A-43D3-A0EA-485E998D4A43}"
EndProject
Project("{FAE04EC0-301F-11D3-BF4B-00C04F79EFBC}") = "WinAsynchDelegate", "Lab7.Semiletova\Task2\WinAsynchDelegate\WinAsynchDelegate.csproj", "{4042A879-942C-4A64-8F38-0CCE2737F739}"
EndProject
Project("{FAE04EC0-301F-11D3-BF4B-00C04F79EFBC}") = "WinAssynchMethod", "Lab7.Semiletova\Task3\WinAssynchMethod\WinAssynchMethod.csproj", "{9EAE7D77-824F-4E82-8973-5D1C6F2C5F4E}"
EndProject
Global
	GlobalSection(SolutionConfigurationPlatforms) = preSolution
		Debug|Any CPU = Debug|Any CPU
		Release|Any CPU = Release|Any CPU
	EndGlobalSection
	GlobalSection(ProjectConfigurationPlatforms) = postSolution
		{E472C8A8-96A7-438E-8407-9B90C750F841}.Debug|Any CPU.ActiveCfg = Debug|Any CPU
		{E472C8A8-96A7-438E-8407-9B90C750F841}.Debug|Any CPU.Build.0 = Debug|Any CPU
		{E472C8A8-96A7-438E-8407-9B90C750F841}.Release|Any CPU.ActiveCfg = Release|Any CPU
		{E472C8A8-96A7-438E-8407-9B90C750F841}.Release|Any CPU.Build.0 = Release|Any CPU
		{9F264F3A-430E-46E4-A8B7-0CBBBFCBDDD4}.Debug|Any CPU.ActiveCfg = Debug|Any CPU
		{9F264F3A-430E-46E4-A8B7-0CBBBFCBDDD4}.Debug|Any CPU.Build.0 = Debug|Any CPU
		{9F264F3A-430E-46E4-A8B7-0CBBBFCBDDD4}.Release|Any CPU.ActiveCfg = Release|Any CPU
		{9F264F3A-430E-46E4-A8B7-0CBBBFCBDDD4}.Release|Any CPU.Build.0 = Release|Any CPU
		{41481243-1236-45DA-9D85-27A919DDC937}.Debug|Any CPU.ActiveCfg = Debug|Any CPU
		{41481243-1236-45DA-9D85-27A919DDC937}.Debug|Any CPU.Build.0 = Debug|Any CPU
		{41481243-1236-45DA-9D85-27A919DDC937}.Release|Any CPU.ActiveCfg = Release|Any CPU
		{41481243-1236-45DA-9D85-27A919DDC937}.Release|Any CPU.Build.0 = Release|Any CPU
		{6EDF2A12-0939-4B93-BFBA-9F2F0EC3CB27}.Debug|Any CPU.ActiveCfg = Debug|Any CPU
		{6EDF2A12-0939-4B93-BFBA-9F2F0EC3CB27}.Debug|Any CPU.Build.0 = Debug|Any CPU
		{6EDF2A12-0939-4B93-BFBA-9F2F0EC3CB27}.Release|Any CPU.ActiveCfg = Release|Any CPU
		{6EDF2A12-0939-4B93-BFBA-9F2F0EC3CB27}.Release|Any CPU.Build.0 = Release|Any CPU
		{6DC16F19-7EA9-47C4-B832-48346BAB0028}.Debug|Any CPU.ActiveCfg = Debug|Any CPU
		{6DC16F19-7EA9-47C4-B832-48346BAB0028}.Debug|Any CPU.Build.0 = Debug|Any CPU
		{6DC16F19-7EA9-47C4-B832-48346BAB0028}.Release|Any CPU.ActiveCfg = Release|Any CPU
		{6DC16F19-7EA9-47C4-B832-48346BAB0028}.Release|Any CPU.Build.0 = Release|Any CPU
		{FAC5AE00-C216-46E9-8CDF-0B74C009A27F}.Debug|Any CPU.ActiveCfg = Debug|Any CPU
		{FAC5AE00-C216-46E9-8CDF-0B74C009A27F}.Debug|Any CPU.Build.0 = Debug|Any CPU
		{FAC5AE00-C216-46E9-8CDF-0B74C009A27F}.Release|Any CPU.ActiveCfg = Release|Any CPU
		{FAC5AE00-C216-46E9-8CDF-0B74C009A27F}.Release|Any CPU.Build.0 = Release|Any CPU
		{1DF40046-FF97-41D0-8561-F6A78AF5B400}.Debug|Any CPU.ActiveCfg = Debug|Any CPU
		{1DF40046-FF97-41D0-8561-F6A78AF5B400}.Debug|Any CPU.Build.0 = Debug|Any CPU
		{1DF40046-FF97-41D0-8561-F6A78AF5B400}.Release|Any CPU.ActiveCfg = Release|Any CPU
		{1DF40046-FF97-41D0-8561-F6A78AF5B400}.Release|Any CPU.Build.0 = Release|Any CPU
		{9D11675B-2CEB-480B-AD60-B5F7BCF28C55}.Debug|Any CPU.ActiveCfg = Debug|Any CPU
		{9D11675B-2CEB-480B-AD60-B5F7BCF28C55}.Debug|Any CPU.Build.0 = Debug|Any CPU
		{9D11675B-2CEB-480B-AD60-B5F7BCF28C55}.Release|Any CPU.ActiveCfg = Release|Any CPU
		{9D11675B-2CEB-480B-AD60-B5F7BCF28C55}.Release|Any CPU.Build.0 = Release|Any CPU
		{6D32283E-E04C-4008-A98B-4048A705A6E9}.Debug|Any CPU.ActiveCfg = Debug|Any CPU
		{6D32283E-E04C-4008-A98B-4048A705A6E9}.Debug|Any CPU.Build.0 = Debug|Any CPU
		{6D32283E-E04C-4008-A98B-4048A705A6E9}.Release|Any CPU.ActiveCfg = Release|Any CPU
		{6D32283E-E04C-4008-A98B-4048A705A6E9}.Release|Any CPU.Build.0 = Release|Any CPU
		{9F8233D8-F9F6-4821-AA04-3208AA32FF1B}.Debug|Any CPU.ActiveCfg = Debug|Any CPU
		{9F8233D8-F9F6-4821-AA04-3208AA32FF1B}.Debug|Any CPU.Build.0 = Debug|Any CPU
		{9F8233D8-F9F6-4821-AA04-3208AA32FF1B}.Release|Any CPU.ActiveCfg = Release|Any CPU
		{9F8233D8-F9F6-4821-AA04-3208AA32FF1B}.Release|Any CPU.Build.0 = Release|Any CPU
		{60ED4FC5-BD6D-4876-B763-9214845E08D2}.Debug|Any CPU.ActiveCfg = Debug|Any CPU
		{60ED4FC5-BD6D-4876-B763-9214845E08D2}.Debug|Any CPU.Build.0 = Debug|Any CPU
		{60ED4FC5-BD6D-4876-B763-9214845E08D2}.Release|Any CPU.ActiveCfg = Release|Any CPU
		{60ED4FC5-BD6D-4876-B763-9214845E08D2}.Release|Any CPU.Build.0 = Release|Any CPU
		{BEFAAC03-61CA-4788-957F-79DDCEEFE035}.Debug|Any CPU.ActiveCfg = Debug|Any CPU
		{BEFAAC03-61CA-4788-957F-79DDCEEFE035}.Debug|Any CPU.Build.0 = Debug|Any CPU
		{BEFAAC03-61CA-4788-957F-79DDCEEFE035}.Release|Any CPU.ActiveCfg = Release|Any CPU
		{BEFAAC03-61CA-4788-957F-79DDCEEFE035}.Release|Any CPU.Build.0 = Release|Any CPU
		{C8BD0EB2-C93C-40FD-83FF-5120AA55730D}.Debug|Any CPU.ActiveCfg = Debug|Any CPU
		{C8BD0EB2-C93C-40FD-83FF-5120AA55730D}.Debug|Any CPU.Build.0 = Debug|Any CPU
		{C8BD0EB2-C93C-40FD-83FF-5120AA55730D}.Release|Any CPU.ActiveCfg = Release|Any CPU
		{C8BD0EB2-C93C-40FD-83FF-5120AA55730D}.Release|Any CPU.Build.0 = Release|Any CPU
		{BE6D544F-32C4-48AC-8991-CC1298B6F52A}.Debug|Any CPU.ActiveCfg = Debug|Any CPU
		{BE6D544F-32C4-48AC-8991-CC1298B6F52A}.Debug|Any CPU.Build.0 = Debug|Any CPU
		{BE6D544F-32C4-48AC-8991-CC1298B6F52A}.Release|Any CPU.ActiveCfg = Release|Any CPU
		{BE6D544F-32C4-48AC-8991-CC1298B6F52A}.Release|Any CPU.Build.0 = Release|Any CPU
		{F6BFA881-8F78-47BC-896A-3FB930EB8B60}.Debug|Any CPU.ActiveCfg = Debug|Any CPU
		{F6BFA881-8F78-47BC-896A-3FB930EB8B60}.Debug|Any CPU.Build.0 = Debug|Any CPU
		{F6BFA881-8F78-47BC-896A-3FB930EB8B60}.Release|Any CPU.ActiveCfg = Release|Any CPU
		{F6BFA881-8F78-47BC-896A-3FB930EB8B60}.Release|Any CPU.Build.0 = Release|Any CPU
		{5F7052EB-DAD9-489E-B072-54D4148F9624}.Debug|Any CPU.ActiveCfg = Debug|Any CPU
		{5F7052EB-DAD9-489E-B072-54D4148F9624}.Debug|Any CPU.Build.0 = Debug|Any CPU
		{5F7052EB-DAD9-489E-B072-54D4148F9624}.Release|Any CPU.ActiveCfg = Release|Any CPU
		{5F7052EB-DAD9-489E-B072-54D4148F9624}.Release|Any CPU.Build.0 = Release|Any CPU
		{FF28B402-CA20-4F1E-ABA0-F36DB329C2B8}.Debug|Any CPU.ActiveCfg = Debug|Any CPU
		{FF28B402-CA20-4F1E-ABA0-F36DB329C2B8}.Debug|Any CPU.Build.0 = Debug|Any CPU
		{FF28B402-CA20-4F1E-ABA0-F36DB329C2B8}.Release|Any CPU.ActiveCfg = Release|Any CPU
		{FF28B402-CA20-4F1E-ABA0-F36DB329C2B8}.Release|Any CPU.Build.0 = Release|Any CPU
		{511F5E65-E494-45A6-BCDC-B7870E8C90DA}.Debug|Any CPU.ActiveCfg = Debug|Any CPU
		{511F5E65-E494-45A6-BCDC-B7870E8C90DA}.Debug|Any CPU.Build.0 = Debug|Any CPU
		{511F5E65-E494-45A6-BCDC-B7870E8C90DA}.Release|Any CPU.ActiveCfg = Release|Any CPU
		{511F5E65-E494-45A6-BCDC-B7870E8C90DA}.Release|Any CPU.Build.0 = Release|Any CPU
		{F0C09C9F-EC33-4620-813D-35A69BED1A0E}.Debug|Any CPU.ActiveCfg = Debug|Any CPU
		{F0C09C9F-EC33-4620-813D-35A69BED1A0E}.Debug|Any CPU.Build.0 = Debug|Any CPU
		{F0C09C9F-EC33-4620-813D-35A69BED1A0E}.Release|Any CPU.ActiveCfg = Release|Any CPU
		{F0C09C9F-EC33-4620-813D-35A69BED1A0E}.Release|Any CPU.Build.0 = Release|Any CPU
		{1F9CB926-7AD4-4801-98DB-9197AD79CFBB}.Debug|Any CPU.ActiveCfg = Debug|Any CPU
		{1F9CB926-7AD4-4801-98DB-9197AD79CFBB}.Debug|Any CPU.Build.0 = Debug|Any CPU
		{1F9CB926-7AD4-4801-98DB-9197AD79CFBB}.Release|Any CPU.ActiveCfg = Release|Any CPU
		{1F9CB926-7AD4-4801-98DB-9197AD79CFBB}.Release|Any CPU.Build.0 = Release|Any CPU
		{1F714B0E-CD59-41BA-B375-1AAF8094FE17}.Debug|Any CPU.ActiveCfg = Debug|Any CPU
		{1F714B0E-CD59-41BA-B375-1AAF8094FE17}.Debug|Any CPU.Build.0 = Debug|Any CPU
		{1F714B0E-CD59-41BA-B375-1AAF8094FE17}.Release|Any CPU.ActiveCfg = Release|Any CPU
		{1F714B0E-CD59-41BA-B375-1AAF8094FE17}.Release|Any CPU.Build.0 = Release|Any CPU
		{18F2F6F6-3AA3-4127-B1D3-4C037CF72782}.Debug|Any CPU.ActiveCfg = Debug|Any CPU
		{18F2F6F6-3AA3-4127-B1D3-4C037CF72782}.Debug|Any CPU.Build.0 = Debug|Any CPU
		{18F2F6F6-3AA3-4127-B1D3-4C037CF72782}.Release|Any CPU.ActiveCfg = Release|Any CPU
		{18F2F6F6-3AA3-4127-B1D3-4C037CF72782}.Release|Any CPU.Build.0 = Release|Any CPU
		{E3E04D03-BF79-4C44-AE67-A9C3EC662ADC}.Debug|Any CPU.ActiveCfg = Debug|Any CPU
		{E3E04D03-BF79-4C44-AE67-A9C3EC662ADC}.Debug|Any CPU.Build.0 = Debug|Any CPU
		{E3E04D03-BF79-4C44-AE67-A9C3EC662ADC}.Release|Any CPU.ActiveCfg = Release|Any CPU
		{E3E04D03-BF79-4C44-AE67-A9C3EC662ADC}.Release|Any CPU.Build.0 = Release|Any CPU
		{F06AF4AD-D035-4105-A71F-3C1C4D26155A}.Debug|Any CPU.ActiveCfg = Debug|Any CPU
		{F06AF4AD-D035-4105-A71F-3C1C4D26155A}.Debug|Any CPU.Build.0 = Debug|Any CPU
		{F06AF4AD-D035-4105-A71F-3C1C4D26155A}.Release|Any CPU.ActiveCfg = Release|Any CPU
		{F06AF4AD-D035-4105-A71F-3C1C4D26155A}.Release|Any CPU.Build.0 = Release|Any CPU
		{8B60D988-4BA7-43F6-8A0C-80EB7218FE51}.Debug|Any CPU.ActiveCfg = Debug|Any CPU
		{8B60D988-4BA7-43F6-8A0C-80EB7218FE51}.Debug|Any CPU.Build.0 = Debug|Any CPU
		{8B60D988-4BA7-43F6-8A0C-80EB7218FE51}.Release|Any CPU.ActiveCfg = Release|Any CPU
		{8B60D988-4BA7-43F6-8A0C-80EB7218FE51}.Release|Any CPU.Build.0 = Release|Any CPU
		{8D59C975-548A-43D3-A0EA-485E998D4A43}.Debug|Any CPU.ActiveCfg = Debug|Any CPU
		{8D59C975-548A-43D3-A0EA-485E998D4A43}.Debug|Any CPU.Build.0 = Debug|Any CPU
		{8D59C975-548A-43D3-A0EA-485E998D4A43}.Release|Any CPU.ActiveCfg = Release|Any CPU
		{8D59C975-548A-43D3-A0EA-485E998D4A43}.Release|Any CPU.Build.0 = Release|Any CPU
		{4042A879-942C-4A64-8F38-0CCE2737F739}.Debug|Any CPU.ActiveCfg = Debug|Any CPU
		{4042A879-942C-4A64-8F38-0CCE2737F739}.Debug|Any CPU.Build.0 = Debug|Any CPU
		{4042A879-942C-4A64-8F38-0CCE2737F739}.Release|Any CPU.ActiveCfg = Release|Any CPU
		{4042A879-942C-4A64-8F38-0CCE2737F739}.Release|Any CPU.Build.0 = Release|Any CPU
		{9EAE7D77-824F-4E82-8973-5D1C6F2C5F4E}.Debug|Any CPU.ActiveCfg = Debug|Any CPU
		{9EAE7D77-824F-4E82-8973-5D1C6F2C5F4E}.Debug|Any CPU.Build.0 = Debug|Any CPU
		{9EAE7D77-824F-4E82-8973-5D1C6F2C5F4E}.Release|Any CPU.ActiveCfg = Release|Any CPU
		{9EAE7D77-824F-4E82-8973-5D1C6F2C5F4E}.Release|Any CPU.Build.0 = Release|Any CPU
	EndGlobalSection
	GlobalSection(SolutionProperties) = preSolution
		HideSolutionNode = FALSE
	EndGlobalSection
	GlobalSection(ExtensibilityGlobals) = postSolution
		SolutionGuid = {FD5096CD-16EB-4DDD-99AC-C448BAC4F44B}
	EndGlobalSection
EndGlobal
