
Microsoft Visual Studio Solution File, Format Version 12.00
# Visual Studio Version 16
VisualStudioVersion = 16.0.30011.22
MinimumVisualStudioVersion = 10.0.40219.1
Project("{FAE04EC0-301F-11D3-BF4B-00C04F79EFBC}") = "Balls", "Balls.csproj", "{F06AF4AD-D035-4105-A71F-3C1C4D26155A}"
EndProject
Global
	GlobalSection(SolutionConfigurationPlatforms) = preSolution
		Debug|Any CPU = Debug|Any CPU
		Release|Any CPU = Release|Any CPU
	EndGlobalSection
	GlobalSection(ProjectConfigurationPlatforms) = postSolution
		{F06AF4AD-D035-4105-A71F-3C1C4D26155A}.Debug|Any CPU.ActiveCfg = Debug|Any CPU
		{F06AF4AD-D035-4105-A71F-3C1C4D26155A}.Debug|Any CPU.Build.0 = Debug|Any CPU
		{F06AF4AD-D035-4105-A71F-3C1C4D26155A}.Release|Any CPU.ActiveCfg = Release|Any CPU
		{F06AF4AD-D035-4105-A71F-3C1C4D26155A}.Release|Any CPU.Build.0 = Release|Any CPU
	EndGlobalSection
	GlobalSection(SolutionProperties) = preSolution
		HideSolutionNode = FALSE
	EndGlobalSection
	GlobalSection(ExtensibilityGlobals) = postSolution
		SolutionGuid = {010F194A-5EC0-4738-90A2-993DF08C727F}
	EndGlobalSection
EndGlobal
